
Microsoft Visual Studio Solution File, Format Version 12.00
Project("{2150E333-8FDC-42A3-9474-1A3956D46DE8}") = "src", "src", "{58E820D7-EE64-446E-ADC6-F2EE9BFD92AB}"
EndProject
Project("{FAE04EC0-301F-11D3-BF4B-00C04F79EFBC}") = "DripChip.Api", "src\DripChip.Api\DripChip.Api.csproj", "{3274714F-1C45-4DD4-822E-A45586A20EC5}"
EndProject
Global
	GlobalSection(SolutionConfigurationPlatforms) = preSolution
		Debug|Any CPU = Debug|Any CPU
		Release|Any CPU = Release|Any CPU
	EndGlobalSection
	GlobalSection(ProjectConfigurationPlatforms) = postSolution
		{3274714F-1C45-4DD4-822E-A45586A20EC5}.Debug|Any CPU.ActiveCfg = Debug|Any CPU
		{3274714F-1C45-4DD4-822E-A45586A20EC5}.Debug|Any CPU.Build.0 = Debug|Any CPU
		{3274714F-1C45-4DD4-822E-A45586A20EC5}.Release|Any CPU.ActiveCfg = Release|Any CPU
		{3274714F-1C45-4DD4-822E-A45586A20EC5}.Release|Any CPU.Build.0 = Release|Any CPU
	EndGlobalSection
	GlobalSection(NestedProjects) = preSolution
		{3274714F-1C45-4DD4-822E-A45586A20EC5} = {58E820D7-EE64-446E-ADC6-F2EE9BFD92AB}
	EndGlobalSection
EndGlobal
