
Microsoft Visual Studio Solution File, Format Version 12.00
Project("{2150E333-8FDC-42A3-9474-1A3956D46DE8}") = "src", "src", "{58E820D7-EE64-446E-ADC6-F2EE9BFD92AB}"
EndProject
Project("{FAE04EC0-301F-11D3-BF4B-00C04F79EFBC}") = "DripChip.Api", "src\DripChip.Api\DripChip.Api.csproj", "{3274714F-1C45-4DD4-822E-A45586A20EC5}"
EndProject
Project("{FAE04EC0-301F-11D3-BF4B-00C04F79EFBC}") = "DripChip.Domain", "src\DripChip.Domain\DripChip.Domain.csproj", "{63676C3A-B1B3-453E-A11C-CCA5BAA88446}"
EndProject
Project("{FAE04EC0-301F-11D3-BF4B-00C04F79EFBC}") = "DripChip.Application", "src\DripChip.Application\DripChip.Application.csproj", "{2CE79A26-39A1-4E5B-BE92-F3EAEF8F4C58}"
EndProject
Project("{FAE04EC0-301F-11D3-BF4B-00C04F79EFBC}") = "DripChip.Infrastructure", "src\DripChip.Infrastructure\DripChip.Infrastructure.csproj", "{85806C8A-25E2-4172-ABC9-0745D43E9E82}"
EndProject
Global
	GlobalSection(SolutionConfigurationPlatforms) = preSolution
		Debug|Any CPU = Debug|Any CPU
		Release|Any CPU = Release|Any CPU
	EndGlobalSection
	GlobalSection(ProjectConfigurationPlatforms) = postSolution
		{3274714F-1C45-4DD4-822E-A45586A20EC5}.Debug|Any CPU.ActiveCfg = Debug|Any CPU
		{3274714F-1C45-4DD4-822E-A45586A20EC5}.Debug|Any CPU.Build.0 = Debug|Any CPU
		{3274714F-1C45-4DD4-822E-A45586A20EC5}.Release|Any CPU.ActiveCfg = Release|Any CPU
		{3274714F-1C45-4DD4-822E-A45586A20EC5}.Release|Any CPU.Build.0 = Release|Any CPU
		{63676C3A-B1B3-453E-A11C-CCA5BAA88446}.Debug|Any CPU.ActiveCfg = Debug|Any CPU
		{63676C3A-B1B3-453E-A11C-CCA5BAA88446}.Debug|Any CPU.Build.0 = Debug|Any CPU
		{63676C3A-B1B3-453E-A11C-CCA5BAA88446}.Release|Any CPU.ActiveCfg = Release|Any CPU
		{63676C3A-B1B3-453E-A11C-CCA5BAA88446}.Release|Any CPU.Build.0 = Release|Any CPU
		{2CE79A26-39A1-4E5B-BE92-F3EAEF8F4C58}.Debug|Any CPU.ActiveCfg = Debug|Any CPU
		{2CE79A26-39A1-4E5B-BE92-F3EAEF8F4C58}.Debug|Any CPU.Build.0 = Debug|Any CPU
		{2CE79A26-39A1-4E5B-BE92-F3EAEF8F4C58}.Release|Any CPU.ActiveCfg = Release|Any CPU
		{2CE79A26-39A1-4E5B-BE92-F3EAEF8F4C58}.Release|Any CPU.Build.0 = Release|Any CPU
		{85806C8A-25E2-4172-ABC9-0745D43E9E82}.Debug|Any CPU.ActiveCfg = Debug|Any CPU
		{85806C8A-25E2-4172-ABC9-0745D43E9E82}.Debug|Any CPU.Build.0 = Debug|Any CPU
		{85806C8A-25E2-4172-ABC9-0745D43E9E82}.Release|Any CPU.ActiveCfg = Release|Any CPU
		{85806C8A-25E2-4172-ABC9-0745D43E9E82}.Release|Any CPU.Build.0 = Release|Any CPU
	EndGlobalSection
	GlobalSection(NestedProjects) = preSolution
		{3274714F-1C45-4DD4-822E-A45586A20EC5} = {58E820D7-EE64-446E-ADC6-F2EE9BFD92AB}
		{63676C3A-B1B3-453E-A11C-CCA5BAA88446} = {58E820D7-EE64-446E-ADC6-F2EE9BFD92AB}
		{2CE79A26-39A1-4E5B-BE92-F3EAEF8F4C58} = {58E820D7-EE64-446E-ADC6-F2EE9BFD92AB}
		{85806C8A-25E2-4172-ABC9-0745D43E9E82} = {58E820D7-EE64-446E-ADC6-F2EE9BFD92AB}
	EndGlobalSection
EndGlobal
